
Microsoft Visual Studio Solution File, Format Version 12.00
# Visual Studio Version 17
VisualStudioVersion = 17.0.31903.59
MinimumVisualStudioVersion = 10.0.40219.1
Project("{FAE04EC0-301F-11D3-BF4B-00C04F79EFBC}") = "Test", "Test\Test.csproj", "{214B700F-ABBD-424F-BCC9-F210CB674613}"
EndProject
Project("{FAE04EC0-301F-11D3-BF4B-00C04F79EFBC}") = "Drawing", "Drawing\Drawing.csproj", "{C59C7213-82FF-4CDF-BCEA-9195542AEC1D}"
EndProject
Global
	GlobalSection(SolutionConfigurationPlatforms) = preSolution
		Debug|Any CPU = Debug|Any CPU
		Release|Any CPU = Release|Any CPU
	EndGlobalSection
	GlobalSection(SolutionProperties) = preSolution
		HideSolutionNode = FALSE
	EndGlobalSection
	GlobalSection(ProjectConfigurationPlatforms) = postSolution
		{214B700F-ABBD-424F-BCC9-F210CB674613}.Debug|Any CPU.ActiveCfg = Debug|Any CPU
		{214B700F-ABBD-424F-BCC9-F210CB674613}.Debug|Any CPU.Build.0 = Debug|Any CPU
		{214B700F-ABBD-424F-BCC9-F210CB674613}.Release|Any CPU.ActiveCfg = Release|Any CPU
		{214B700F-ABBD-424F-BCC9-F210CB674613}.Release|Any CPU.Build.0 = Release|Any CPU
		{C59C7213-82FF-4CDF-BCEA-9195542AEC1D}.Debug|Any CPU.ActiveCfg = Debug|Any CPU
		{C59C7213-82FF-4CDF-BCEA-9195542AEC1D}.Debug|Any CPU.Build.0 = Debug|Any CPU
		{C59C7213-82FF-4CDF-BCEA-9195542AEC1D}.Release|Any CPU.ActiveCfg = Release|Any CPU
		{C59C7213-82FF-4CDF-BCEA-9195542AEC1D}.Release|Any CPU.Build.0 = Release|Any CPU
	EndGlobalSection
EndGlobal
